<?xml version="1.0" encoding="utf-8"?>
<Project ToolsVersion="4.0" xmlns="http://schemas.microsoft.com/developer/msbuild/2003">
  <ItemGroup>
    <Filter Include="resource">
      <UniqueIdentifier>{ca9c9e15-d942-43a1-aa7a-5f0b74ca1afd}</UniqueIdentifier>
      <Extensions>rc;ico;cur;bmp;dlg;rc2;rct;bin;rgs;jpg;jpeg;jpe;png;manifest</Extensions>
    </Filter>
    <Filter Include="win32">
      <UniqueIdentifier>{ccb2323b-1cfa-41ea-bcf4-ba5f07309396}</UniqueIdentifier>
    </Filter>
    <Filter Include="Classes">
      <UniqueIdentifier>{e93a77e1-af1e-4400-87d3-504b62ebdbb0}</UniqueIdentifier>
    </Filter>
    <Filter Include="Classes\scripting">
      <UniqueIdentifier>{41e60fe4-9963-4456-9c11-87e1c8e9a66d}</UniqueIdentifier>
    </Filter>
    <Filter Include="Classes\scripting\generated">
      <UniqueIdentifier>{d5168862-1e49-4cfc-b693-e5bbe54b4421}</UniqueIdentifier>
    </Filter>
    <Filter Include="Classes\scripting\js">
      <UniqueIdentifier>{15fff281-c4e4-4f7d-bd9e-77612d3642eb}</UniqueIdentifier>
    </Filter>
    <Filter Include="Classes\smartfish">
      <UniqueIdentifier>{53316fc1-5790-4584-b7ef-738dc2e5c7ad}</UniqueIdentifier>
    </Filter>
    <Filter Include="Classes\smartfish\core">
      <UniqueIdentifier>{ed8a945f-d5a3-4786-9042-ffd447e54126}</UniqueIdentifier>
    </Filter>
    <Filter Include="Classes\smartfish\http">
      <UniqueIdentifier>{d5672aa0-1d30-483a-9461-0363a8044265}</UniqueIdentifier>
    </Filter>
    <Filter Include="Classes\smartfish\isometric">
      <UniqueIdentifier>{5636cd2b-efb7-4156-a590-bd635e2ce933}</UniqueIdentifier>
    </Filter>
    <Filter Include="Classes\smartfish\loading">
      <UniqueIdentifier>{1dd98b39-18b6-4b6a-9526-f2d8d57bd34b}</UniqueIdentifier>
    </Filter>
    <Filter Include="Classes\smartfish\resource">
      <UniqueIdentifier>{ebd58cc6-b530-4ef0-96b1-c84fbe53c646}</UniqueIdentifier>
    </Filter>
    <Filter Include="Classes\smartfish\smash">
      <UniqueIdentifier>{de66bf94-fc89-4663-a7f2-095c344c8e2a}</UniqueIdentifier>
    </Filter>
    <Filter Include="Classes\smartfish\smash\conditional">
      <UniqueIdentifier>{c2f0736d-2a09-4bf3-8033-5f11d755552b}</UniqueIdentifier>
    </Filter>
    <Filter Include="Classes\smartfish\smash\core">
      <UniqueIdentifier>{aaa7cfea-6a80-4ef4-95f6-e06469d6be38}</UniqueIdentifier>
    </Filter>
    <Filter Include="Classes\smartfish\smash\display">
      <UniqueIdentifier>{2ef32f3b-35ff-42b8-85fb-804f538d8303}</UniqueIdentifier>
    </Filter>
    <Filter Include="Classes\smartfish\smash\display\armature">
      <UniqueIdentifier>{1edff024-258e-489f-9df9-94ad2ff2ae66}</UniqueIdentifier>
    </Filter>
    <Filter Include="Classes\smartfish\smash\signal">
      <UniqueIdentifier>{d75045b6-52e8-41b3-a7f8-14cbde43c65e}</UniqueIdentifier>
    </Filter>
    <Filter Include="Classes\smartfish\smash\spatial">
      <UniqueIdentifier>{81f59d4c-4901-438c-824a-47ad448ecfce}</UniqueIdentifier>
    </Filter>
    <Filter Include="Classes\smartfish\smash\strategy">
      <UniqueIdentifier>{f01d11b6-e098-4e37-a051-d9e6cf0f764f}</UniqueIdentifier>
    </Filter>
    <Filter Include="Classes\smartfish\smash\time">
      <UniqueIdentifier>{956b6587-4e74-4608-9b01-0a21a0cb6f26}</UniqueIdentifier>
    </Filter>
    <Filter Include="Classes\smartfish\smash\touch">
      <UniqueIdentifier>{1e2f440b-e3d2-4747-8934-afcd1deadf93}</UniqueIdentifier>
    </Filter>
    <Filter Include="Classes\smartfish\smash\util">
      <UniqueIdentifier>{2205a28e-dbd3-400b-813d-7e43faa2dd87}</UniqueIdentifier>
    </Filter>
    <Filter Include="Classes\smartfish\thread">
      <UniqueIdentifier>{fb25e897-82d8-4069-9548-8f87b757539a}</UniqueIdentifier>
    </Filter>
    <Filter Include="Classes\test">
      <UniqueIdentifier>{3118d331-90cb-43b2-935d-254af43588fe}</UniqueIdentifier>
    </Filter>
    <Filter Include="Classes\util">
      <UniqueIdentifier>{80f4f5e5-d9e1-4b19-aee1-d7bb5230a1b6}</UniqueIdentifier>
    </Filter>
  </ItemGroup>
  <ItemGroup>
    <ClCompile Include="main.cpp">
      <Filter>win32</Filter>
    </ClCompile>
    <ClCompile Include="..\Classes\AppDelegate.cpp">
      <Filter>Classes</Filter>
    </ClCompile>
    <ClCompile Include="..\Classes\scripting\js_bindings_smartfish_manual.cpp">
      <Filter>Classes\scripting</Filter>
    </ClCompile>
    <ClCompile Include="..\Classes\scripting\generated\jsb_smartfish_extension_auto.cpp">
      <Filter>Classes\scripting\generated</Filter>
    </ClCompile>
    <ClCompile Include="..\Classes\smartfish\smartfish.cpp">
      <Filter>Classes\smartfish</Filter>
    </ClCompile>
    <ClCompile Include="..\Classes\smartfish\smartfishMarcos.cpp">
      <Filter>Classes\smartfish</Filter>
    </ClCompile>
    <ClCompile Include="..\Classes\smartfish\VisibleRect.cpp">
      <Filter>Classes\smartfish</Filter>
    </ClCompile>
    <ClCompile Include="..\Classes\smartfish\core\SFObject.cpp">
      <Filter>Classes\smartfish\core</Filter>
    </ClCompile>
    <ClCompile Include="..\Classes\smartfish\http\JSHttpRequest.cpp">
      <Filter>Classes\smartfish\http</Filter>
    </ClCompile>
    <ClCompile Include="..\Classes\smartfish\isometric\IsoConfig.cpp">
      <Filter>Classes\smartfish\isometric</Filter>
    </ClCompile>
    <ClCompile Include="..\Classes\smartfish\isometric\IsoMath.cpp">
      <Filter>Classes\smartfish\isometric</Filter>
    </ClCompile>
    <ClCompile Include="..\Classes\smartfish\isometric\isometric.cpp">
      <Filter>Classes\smartfish\isometric</Filter>
    </ClCompile>
    <ClCompile Include="..\Classes\smartfish\isometric\IsoNode.cpp">
      <Filter>Classes\smartfish\isometric</Filter>
    </ClCompile>
    <ClCompile Include="..\Classes\smartfish\isometric\IsoPoint.cpp">
      <Filter>Classes\smartfish\isometric</Filter>
    </ClCompile>
    <ClCompile Include="..\Classes\smartfish\isometric\IsoSprite.cpp">
      <Filter>Classes\smartfish\isometric</Filter>
    </ClCompile>
    <ClCompile Include="..\Classes\smartfish\isometric\SceneLayoutRenderer.cpp">
      <Filter>Classes\smartfish\isometric</Filter>
    </ClCompile>
    <ClCompile Include="..\Classes\smartfish\loading\LoaderMax.cpp">
      <Filter>Classes\smartfish\loading</Filter>
    </ClCompile>
    <ClCompile Include="..\Classes\smartfish\loading\LoadingItem.cpp">
      <Filter>Classes\smartfish\loading</Filter>
    </ClCompile>
    <ClCompile Include="..\Classes\smartfish\resource\ResourceManager.cpp">
      <Filter>Classes\smartfish\resource</Filter>
    </ClCompile>
    <ClCompile Include="..\Classes\smartfish\smash\Smash.cpp">
      <Filter>Classes\smartfish\smash</Filter>
    </ClCompile>
    <ClCompile Include="..\Classes\smartfish\smash\conditional\Conditional.cpp">
      <Filter>Classes\smartfish\smash\conditional</Filter>
    </ClCompile>
    <ClCompile Include="..\Classes\smartfish\smash\core\Entity.cpp">
      <Filter>Classes\smartfish\smash\core</Filter>
    </ClCompile>
    <ClCompile Include="..\Classes\smartfish\smash\core\EntityComponent.cpp">
      <Filter>Classes\smartfish\smash\core</Filter>
    </ClCompile>
    <ClCompile Include="..\Classes\smartfish\smash\core\SmashGroup.cpp">
      <Filter>Classes\smartfish\smash\core</Filter>
    </ClCompile>
    <ClCompile Include="..\Classes\smartfish\smash\core\SmashObject.cpp">
      <Filter>Classes\smartfish\smash\core</Filter>
    </ClCompile>
    <ClCompile Include="..\Classes\smartfish\smash\display\AnimationRenderer.cpp">
      <Filter>Classes\smartfish\smash\display</Filter>
    </ClCompile>
    <ClCompile Include="..\Classes\smartfish\smash\display\DisplayObjectRenderer.cpp">
      <Filter>Classes\smartfish\smash\display</Filter>
    </ClCompile>
    <ClCompile Include="..\Classes\smartfish\smash\display\DisplayObjectScene.cpp">
      <Filter>Classes\smartfish\smash\display</Filter>
    </ClCompile>
    <ClCompile Include="..\Classes\smartfish\smash\display\SpriteBatchNodeRenderer.cpp">
      <Filter>Classes\smartfish\smash\display</Filter>
    </ClCompile>
    <ClCompile Include="..\Classes\smartfish\smash\display\SpriteBatchNodeScene.cpp">
      <Filter>Classes\smartfish\smash\display</Filter>
    </ClCompile>
    <ClCompile Include="..\Classes\smartfish\smash\display\armature\ArmatureRenderer.cpp">
      <Filter>Classes\smartfish\smash\display\armature</Filter>
    </ClCompile>
    <ClCompile Include="..\Classes\smartfish\smash\display\armature\ArmatureScene.cpp">
      <Filter>Classes\smartfish\smash\display\armature</Filter>
    </ClCompile>
    <ClCompile Include="..\Classes\smartfish\smash\signal\SignalBus.cpp">
      <Filter>Classes\smartfish\smash\signal</Filter>
    </ClCompile>
    <ClCompile Include="..\Classes\smartfish\smash\spatial\CollisionResponseComponent.cpp">
      <Filter>Classes\smartfish\smash\spatial</Filter>
    </ClCompile>
    <ClCompile Include="..\Classes\smartfish\smash\spatial\FindingResponseComponent.cpp">
      <Filter>Classes\smartfish\smash\spatial</Filter>
    </ClCompile>
    <ClCompile Include="..\Classes\smartfish\smash\spatial\RowDataComponent.cpp">
      <Filter>Classes\smartfish\smash\spatial</Filter>
    </ClCompile>
    <ClCompile Include="..\Classes\smartfish\smash\spatial\RowSpatialManager.cpp">
      <Filter>Classes\smartfish\smash\spatial</Filter>
    </ClCompile>
    <ClCompile Include="..\Classes\smartfish\smash\spatial\RowSpatialObjectComponent.cpp">
      <Filter>Classes\smartfish\smash\spatial</Filter>
    </ClCompile>
    <ClCompile Include="..\Classes\smartfish\smash\spatial\RowTransformComponent.cpp">
      <Filter>Classes\smartfish\smash\spatial</Filter>
    </ClCompile>
    <ClCompile Include="..\Classes\smartfish\smash\strategy\CollisionResponseStrategy.cpp">
      <Filter>Classes\smartfish\smash\strategy</Filter>
    </ClCompile>
    <ClCompile Include="..\Classes\smartfish\smash\strategy\FindingResponseStrategy.cpp">
      <Filter>Classes\smartfish\smash\strategy</Filter>
    </ClCompile>
    <ClCompile Include="..\Classes\smartfish\smash\strategy\Strategy.cpp">
      <Filter>Classes\smartfish\smash\strategy</Filter>
    </ClCompile>
    <ClCompile Include="..\Classes\smartfish\smash\strategy\StrategyContainingComponent.cpp">
      <Filter>Classes\smartfish\smash\strategy</Filter>
    </ClCompile>
    <ClCompile Include="..\Classes\smartfish\smash\time\AnimatedComponent.cpp">
      <Filter>Classes\smartfish\smash\time</Filter>
    </ClCompile>
    <ClCompile Include="..\Classes\smartfish\smash\time\ProcessManager.cpp">
      <Filter>Classes\smartfish\smash\time</Filter>
    </ClCompile>
    <ClCompile Include="..\Classes\smartfish\smash\time\TickedComponent.cpp">
      <Filter>Classes\smartfish\smash\time</Filter>
    </ClCompile>
    <ClCompile Include="..\Classes\smartfish\smash\touch\TouchComponent.cpp">
      <Filter>Classes\smartfish\smash\touch</Filter>
    </ClCompile>
    <ClCompile Include="..\Classes\smartfish\smash\util\ObjectType.cpp">
      <Filter>Classes\smartfish\smash\util</Filter>
    </ClCompile>
    <ClCompile Include="..\Classes\smartfish\smash\util\Utils.cpp">
      <Filter>Classes\smartfish\smash\util</Filter>
    </ClCompile>
    <ClCompile Include="..\Classes\smartfish\thread\Thread.cpp">
      <Filter>Classes\smartfish\thread</Filter>
    </ClCompile>
    <ClCompile Include="..\Classes\smartfish\thread\ThreadMutex.cpp">
      <Filter>Classes\smartfish\thread</Filter>
    </ClCompile>
    <ClCompile Include="..\Classes\smartfish\thread\ThreadPool.cpp">
      <Filter>Classes\smartfish\thread</Filter>
    </ClCompile>
    <ClCompile Include="..\Classes\smartfish\thread\ThreadTask.cpp">
      <Filter>Classes\smartfish\thread</Filter>
    </ClCompile>
    <ClCompile Include="..\Classes\test\EntityTest.cpp">
      <Filter>Classes\test</Filter>
    </ClCompile>
    <ClCompile Include="..\Classes\test\IsometricTest.cpp">
      <Filter>Classes\test</Filter>
    </ClCompile>
    <ClCompile Include="..\Classes\test\JSHttpRequestTest.cpp">
      <Filter>Classes\test</Filter>
    </ClCompile>
    <ClCompile Include="..\Classes\test\LoaderMaxTest.cpp">
      <Filter>Classes\test</Filter>
    </ClCompile>
    <ClCompile Include="..\Classes\test\MiscTest.cpp">
      <Filter>Classes\test</Filter>
    </ClCompile>
    <ClCompile Include="..\Classes\test\ProcessManagerTest.cpp">
      <Filter>Classes\test</Filter>
    </ClCompile>
    <ClCompile Include="..\Classes\test\ThreadTest.cpp">
      <Filter>Classes\test</Filter>
    </ClCompile>
    <ClCompile Include="..\Classes\util\jsb_util.cpp">
      <Filter>Classes\util</Filter>
    </ClCompile>
    <ClCompile Include="..\Classes\util\ToolSet.cpp">
      <Filter>Classes\util</Filter>
    </ClCompile>
  </ItemGroup>
  <ItemGroup>
    <ClInclude Include="..\Classes\AppDelegate.h">
      <Filter>Classes</Filter>
    </ClInclude>
    <ClInclude Include="main.h">
      <Filter>win32</Filter>
    </ClInclude>
    <ClInclude Include="resource.h" />
    <ClInclude Include="..\Classes\scripting\js_bindings_smartfish_manual.h">
      <Filter>Classes\scripting</Filter>
    </ClInclude>
    <ClInclude Include="..\Classes\scripting\generated\jsb_smartfish_extension_auto.hpp">
      <Filter>Classes\scripting\generated</Filter>
    </ClInclude>
    <ClInclude Include="..\Classes\smartfish\VisibleRect.h">
      <Filter>Classes\smartfish</Filter>
    </ClInclude>
    <ClInclude Include="..\Classes\smartfish\smartfish.h">
      <Filter>Classes\smartfish</Filter>
    </ClInclude>
    <ClInclude Include="..\Classes\smartfish\smartfishMarcos.h">
      <Filter>Classes\smartfish</Filter>
    </ClInclude>
    <ClInclude Include="..\Classes\smartfish\core\SFObject.h">
      <Filter>Classes\smartfish\core</Filter>
    </ClInclude>
    <ClInclude Include="..\Classes\smartfish\http\JSHttpRequest.h">
      <Filter>Classes\smartfish\http</Filter>
    </ClInclude>
    <ClInclude Include="..\Classes\smartfish\isometric\IsoConfig.h">
      <Filter>Classes\smartfish\isometric</Filter>
    </ClInclude>
    <ClInclude Include="..\Classes\smartfish\isometric\IsoMath.h">
      <Filter>Classes\smartfish\isometric</Filter>
    </ClInclude>
    <ClInclude Include="..\Classes\smartfish\isometric\isometric.h">
      <Filter>Classes\smartfish\isometric</Filter>
    </ClInclude>
    <ClInclude Include="..\Classes\smartfish\isometric\IsoNode.h">
      <Filter>Classes\smartfish\isometric</Filter>
    </ClInclude>
    <ClInclude Include="..\Classes\smartfish\isometric\IsoPoint.h">
      <Filter>Classes\smartfish\isometric</Filter>
    </ClInclude>
    <ClInclude Include="..\Classes\smartfish\isometric\IsoSprite.h">
      <Filter>Classes\smartfish\isometric</Filter>
    </ClInclude>
    <ClInclude Include="..\Classes\smartfish\isometric\SceneLayoutRenderer.h">
      <Filter>Classes\smartfish\isometric</Filter>
    </ClInclude>
    <ClInclude Include="..\Classes\smartfish\loading\LoaderMax.h">
      <Filter>Classes\smartfish\loading</Filter>
    </ClInclude>
    <ClInclude Include="..\Classes\smartfish\loading\LoadingItem.h">
      <Filter>Classes\smartfish\loading</Filter>
    </ClInclude>
    <ClInclude Include="..\Classes\smartfish\resource\ResourceManager.h">
      <Filter>Classes\smartfish\resource</Filter>
    </ClInclude>
    <ClInclude Include="..\Classes\smartfish\smash\Smash.h">
      <Filter>Classes\smartfish\smash</Filter>
    </ClInclude>
    <ClInclude Include="..\Classes\smartfish\smash\conditional\Conditional.h">
      <Filter>Classes\smartfish\smash\conditional</Filter>
    </ClInclude>
    <ClInclude Include="..\Classes\smartfish\smash\core\Entity.h">
      <Filter>Classes\smartfish\smash\core</Filter>
    </ClInclude>
    <ClInclude Include="..\Classes\smartfish\smash\core\EntityComponent.h">
      <Filter>Classes\smartfish\smash\core</Filter>
    </ClInclude>
    <ClInclude Include="..\Classes\smartfish\smash\core\SmashGroup.h">
      <Filter>Classes\smartfish\smash\core</Filter>
    </ClInclude>
    <ClInclude Include="..\Classes\smartfish\smash\core\SmashMacros.h">
      <Filter>Classes\smartfish\smash\core</Filter>
    </ClInclude>
    <ClInclude Include="..\Classes\smartfish\smash\core\SmashObject.h">
      <Filter>Classes\smartfish\smash\core</Filter>
    </ClInclude>
    <ClInclude Include="..\Classes\smartfish\smash\display\SpriteBatchNodeScene.h">
      <Filter>Classes\smartfish\smash\display</Filter>
    </ClInclude>
    <ClInclude Include="..\Classes\smartfish\smash\display\AnimationRenderer.h">
      <Filter>Classes\smartfish\smash\display</Filter>
    </ClInclude>
    <ClInclude Include="..\Classes\smartfish\smash\display\DisplayObjectRenderer.h">
      <Filter>Classes\smartfish\smash\display</Filter>
    </ClInclude>
    <ClInclude Include="..\Classes\smartfish\smash\display\DisplayObjectScene.h">
      <Filter>Classes\smartfish\smash\display</Filter>
    </ClInclude>
    <ClInclude Include="..\Classes\smartfish\smash\display\SpriteBatchNodeRenderer.h">
      <Filter>Classes\smartfish\smash\display</Filter>
    </ClInclude>
    <ClInclude Include="..\Classes\smartfish\smash\display\armature\ArmatureRenderer.h">
      <Filter>Classes\smartfish\smash\display\armature</Filter>
    </ClInclude>
    <ClInclude Include="..\Classes\smartfish\smash\display\armature\ArmatureScene.h">
      <Filter>Classes\smartfish\smash\display\armature</Filter>
    </ClInclude>
    <ClInclude Include="..\Classes\smartfish\smash\signal\SignalBus.h">
      <Filter>Classes\smartfish\smash\signal</Filter>
    </ClInclude>
    <ClInclude Include="..\Classes\smartfish\smash\spatial\CollisionResponseComponent.h">
      <Filter>Classes\smartfish\smash\spatial</Filter>
    </ClInclude>
    <ClInclude Include="..\Classes\smartfish\smash\spatial\FindingResponseComponent.h">
      <Filter>Classes\smartfish\smash\spatial</Filter>
    </ClInclude>
    <ClInclude Include="..\Classes\smartfish\smash\spatial\RowDataComponent.h">
      <Filter>Classes\smartfish\smash\spatial</Filter>
    </ClInclude>
    <ClInclude Include="..\Classes\smartfish\smash\spatial\RowSpatialManager.h">
      <Filter>Classes\smartfish\smash\spatial</Filter>
    </ClInclude>
    <ClInclude Include="..\Classes\smartfish\smash\spatial\RowSpatialObjectComponent.h">
      <Filter>Classes\smartfish\smash\spatial</Filter>
    </ClInclude>
    <ClInclude Include="..\Classes\smartfish\smash\spatial\RowTransformComponent.h">
      <Filter>Classes\smartfish\smash\spatial</Filter>
    </ClInclude>
    <ClInclude Include="..\Classes\smartfish\smash\strategy\CollisionResponseStrategy.h">
      <Filter>Classes\smartfish\smash\strategy</Filter>
    </ClInclude>
    <ClInclude Include="..\Classes\smartfish\smash\strategy\FindingResponseStrategy.h">
      <Filter>Classes\smartfish\smash\strategy</Filter>
    </ClInclude>
    <ClInclude Include="..\Classes\smartfish\smash\strategy\Strategy.h">
      <Filter>Classes\smartfish\smash\strategy</Filter>
    </ClInclude>
    <ClInclude Include="..\Classes\smartfish\smash\strategy\StrategyContainingComponent.h">
      <Filter>Classes\smartfish\smash\strategy</Filter>
    </ClInclude>
    <ClInclude Include="..\Classes\smartfish\smash\time\AnimatedComponent.h">
      <Filter>Classes\smartfish\smash\time</Filter>
    </ClInclude>
    <ClInclude Include="..\Classes\smartfish\smash\time\ProcessManager.h">
      <Filter>Classes\smartfish\smash\time</Filter>
    </ClInclude>
    <ClInclude Include="..\Classes\smartfish\smash\time\TickedComponent.h">
      <Filter>Classes\smartfish\smash\time</Filter>
    </ClInclude>
    <ClInclude Include="..\Classes\smartfish\smash\touch\TouchComponent.h">
      <Filter>Classes\smartfish\smash\touch</Filter>
    </ClInclude>
    <ClInclude Include="..\Classes\smartfish\smash\util\ObjectType.h">
      <Filter>Classes\smartfish\smash\util</Filter>
    </ClInclude>
    <ClInclude Include="..\Classes\smartfish\smash\util\Utils.h">
      <Filter>Classes\smartfish\smash\util</Filter>
    </ClInclude>
    <ClInclude Include="..\Classes\smartfish\thread\Thread.h">
      <Filter>Classes\smartfish\thread</Filter>
    </ClInclude>
    <ClInclude Include="..\Classes\smartfish\thread\ThreadMutex.h">
      <Filter>Classes\smartfish\thread</Filter>
    </ClInclude>
    <ClInclude Include="..\Classes\smartfish\thread\ThreadPool.h">
      <Filter>Classes\smartfish\thread</Filter>
    </ClInclude>
    <ClInclude Include="..\Classes\smartfish\thread\ThreadTask.h">
      <Filter>Classes\smartfish\thread</Filter>
    </ClInclude>
    <ClInclude Include="..\Classes\test\EntityTest.h">
      <Filter>Classes\test</Filter>
    </ClInclude>
    <ClInclude Include="..\Classes\test\IsometricTest.h">
      <Filter>Classes\test</Filter>
    </ClInclude>
    <ClInclude Include="..\Classes\test\JSHttpRequestTest.h">
      <Filter>Classes\test</Filter>
    </ClInclude>
    <ClInclude Include="..\Classes\test\LoaderMaxTest.h">
      <Filter>Classes\test</Filter>
    </ClInclude>
    <ClInclude Include="..\Classes\test\MiscTest.h">
      <Filter>Classes\test</Filter>
    </ClInclude>
    <ClInclude Include="..\Classes\test\ProcessManagerTest.h">
      <Filter>Classes\test</Filter>
    </ClInclude>
    <ClInclude Include="..\Classes\test\ThreadTest.h">
      <Filter>Classes\test</Filter>
    </ClInclude>
    <ClInclude Include="..\Classes\util\jsb_util.h">
      <Filter>Classes\util</Filter>
    </ClInclude>
    <ClInclude Include="..\Classes\util\ToolSet.h">
      <Filter>Classes\util</Filter>
    </ClInclude>
  </ItemGroup>
  <ItemGroup>
    <ResourceCompile Include="game.rc">
      <Filter>resource</Filter>
    </ResourceCompile>
  </ItemGroup>
  <ItemGroup>
    <Image Include="res\game.ico">
      <Filter>resource</Filter>
    </Image>
  </ItemGroup>
  <ItemGroup>
    <None Include="..\Classes\scripting\generated\jsb_smartfish_extension_auto_api.js">
      <Filter>Classes\scripting\generated</Filter>
    </None>
    <None Include="..\Classes\scripting\js\jsb_smartfish_extension.js">
      <Filter>Classes\scripting\js</Filter>
    </None>
  </ItemGroup>
</Project>